// !$*UTF8*$!
{
	archiveVersion = 1;
	classes = {
	};
	objectVersion = 56;
	objects = {

/* Begin PBXBuildFile section */
		A0DF5F3E2CA74DA9005FD987 /* imagesApp.swift in Sources */ = {isa = PBXBuildFile; fileRef = A0DF5F3D2CA74DA9005FD987 /* imagesApp.swift */; };
		A0DF5F402CA74DA9005FD987 /* ContentView.swift in Sources */ = {isa = PBXBuildFile; fileRef = A0DF5F3F2CA74DA9005FD987 /* ContentView.swift */; };
		A0DF5F422CA74DA9005FD987 /* Item.swift in Sources */ = {isa = PBXBuildFile; fileRef = A0DF5F412CA74DA9005FD987 /* Item.swift */; };
		A0DF5F442CA74DAA005FD987 /* Assets.xcassets in Resources */ = {isa = PBXBuildFile; fileRef = A0DF5F432CA74DAA005FD987 /* Assets.xcassets */; };
		A0DF5F482CA74DAA005FD987 /* Preview Assets.xcassets in Resources */ = {isa = PBXBuildFile; fileRef = A0DF5F472CA74DAA005FD987 /* Preview Assets.xcassets */; };
		A0DF5F522CA74DAA005FD987 /* imagesTests.swift in Sources */ = {isa = PBXBuildFile; fileRef = A0DF5F512CA74DAA005FD987 /* imagesTests.swift */; };
		A0DF5F5C2CA74DAA005FD987 /* imagesUITests.swift in Sources */ = {isa = PBXBuildFile; fileRef = A0DF5F5B2CA74DAA005FD987 /* imagesUITests.swift */; };
		A0DF5F5E2CA74DAA005FD987 /* imagesUITestsLaunchTests.swift in Sources */ = {isa = PBXBuildFile; fileRef = A0DF5F5D2CA74DAA005FD987 /* imagesUITestsLaunchTests.swift */; };
/* End PBXBuildFile section */

/* Begin PBXContainerItemProxy section */
		A0DF5F4E2CA74DAA005FD987 /* PBXContainerItemProxy */ = {
			isa = PBXContainerItemProxy;
			containerPortal = A0DF5F322CA74DA9005FD987 /* Project object */;
			proxyType = 1;
			remoteGlobalIDString = A0DF5F392CA74DA9005FD987;
			remoteInfo = images;
		};
		A0DF5F582CA74DAA005FD987 /* PBXContainerItemProxy */ = {
			isa = PBXContainerItemProxy;
			containerPortal = A0DF5F322CA74DA9005FD987 /* Project object */;
			proxyType = 1;
			remoteGlobalIDString = A0DF5F392CA74DA9005FD987;
			remoteInfo = images;
		};
/* End PBXContainerItemProxy section */

/* Begin PBXFileReference section */
		A0DF5F3A2CA74DA9005FD987 /* images.app */ = {isa = PBXFileReference; explicitFileType = wrapper.application; includeInIndex = 0; path = images.app; sourceTree = BUILT_PRODUCTS_DIR; };
		A0DF5F3D2CA74DA9005FD987 /* imagesApp.swift */ = {isa = PBXFileReference; lastKnownFileType = sourcecode.swift; path = imagesApp.swift; sourceTree = "<group>"; };
		A0DF5F3F2CA74DA9005FD987 /* ContentView.swift */ = {isa = PBXFileReference; lastKnownFileType = sourcecode.swift; path = ContentView.swift; sourceTree = "<group>"; };
		A0DF5F412CA74DA9005FD987 /* Item.swift */ = {isa = PBXFileReference; lastKnownFileType = sourcecode.swift; path = Item.swift; sourceTree = "<group>"; };
		A0DF5F432CA74DAA005FD987 /* Assets.xcassets */ = {isa = PBXFileReference; lastKnownFileType = folder.assetcatalog; path = Assets.xcassets; sourceTree = "<group>"; };
		A0DF5F452CA74DAA005FD987 /* images.entitlements */ = {isa = PBXFileReference; lastKnownFileType = text.plist.entitlements; path = images.entitlements; sourceTree = "<group>"; };
		A0DF5F472CA74DAA005FD987 /* Preview Assets.xcassets */ = {isa = PBXFileReference; lastKnownFileType = folder.assetcatalog; path = "Preview Assets.xcassets"; sourceTree = "<group>"; };
		A0DF5F4D2CA74DAA005FD987 /* imagesTests.xctest */ = {isa = PBXFileReference; explicitFileType = wrapper.cfbundle; includeInIndex = 0; path = imagesTests.xctest; sourceTree = BUILT_PRODUCTS_DIR; };
		A0DF5F512CA74DAA005FD987 /* imagesTests.swift */ = {isa = PBXFileReference; lastKnownFileType = sourcecode.swift; path = imagesTests.swift; sourceTree = "<group>"; };
		A0DF5F572CA74DAA005FD987 /* imagesUITests.xctest */ = {isa = PBXFileReference; explicitFileType = wrapper.cfbundle; includeInIndex = 0; path = imagesUITests.xctest; sourceTree = BUILT_PRODUCTS_DIR; };
		A0DF5F5B2CA74DAA005FD987 /* imagesUITests.swift */ = {isa = PBXFileReference; lastKnownFileType = sourcecode.swift; path = imagesUITests.swift; sourceTree = "<group>"; };
		A0DF5F5D2CA74DAA005FD987 /* imagesUITestsLaunchTests.swift */ = {isa = PBXFileReference; lastKnownFileType = sourcecode.swift; path = imagesUITestsLaunchTests.swift; sourceTree = "<group>"; };
/* End PBXFileReference section */

/* Begin PBXFrameworksBuildPhase section */
		A0DF5F372CA74DA9005FD987 /* Frameworks */ = {
			isa = PBXFrameworksBuildPhase;
			buildActionMask = 2147483647;
			files = (
			);
			runOnlyForDeploymentPostprocessing = 0;
		};
		A0DF5F4A2CA74DAA005FD987 /* Frameworks */ = {
			isa = PBXFrameworksBuildPhase;
			buildActionMask = 2147483647;
			files = (
			);
			runOnlyForDeploymentPostprocessing = 0;
		};
		A0DF5F542CA74DAA005FD987 /* Frameworks */ = {
			isa = PBXFrameworksBuildPhase;
			buildActionMask = 2147483647;
			files = (
			);
			runOnlyForDeploymentPostprocessing = 0;
		};
/* End PBXFrameworksBuildPhase section */

/* Begin PBXGroup section */
		A0DF5F312CA74DA9005FD987 = {
			isa = PBXGroup;
			children = (
				A0DF5F3C2CA74DA9005FD987 /* images */,
				A0DF5F502CA74DAA005FD987 /* imagesTests */,
				A0DF5F5A2CA74DAA005FD987 /* imagesUITests */,
				A0DF5F3B2CA74DA9005FD987 /* Products */,
			);
			sourceTree = "<group>";
		};
		A0DF5F3B2CA74DA9005FD987 /* Products */ = {
			isa = PBXGroup;
			children = (
				A0DF5F3A2CA74DA9005FD987 /* images.app */,
				A0DF5F4D2CA74DAA005FD987 /* imagesTests.xctest */,
				A0DF5F572CA74DAA005FD987 /* imagesUITests.xctest */,
			);
			name = Products;
			sourceTree = "<group>";
		};
		A0DF5F3C2CA74DA9005FD987 /* images */ = {
			isa = PBXGroup;
			children = (
				A0DF5F3D2CA74DA9005FD987 /* imagesApp.swift */,
				A0DF5F3F2CA74DA9005FD987 /* ContentView.swift */,
				A0DF5F412CA74DA9005FD987 /* Item.swift */,
				A0DF5F432CA74DAA005FD987 /* Assets.xcassets */,
				A0DF5F452CA74DAA005FD987 /* images.entitlements */,
				A0DF5F462CA74DAA005FD987 /* Preview Content */,
			);
			path = images;
			sourceTree = "<group>";
		};
		A0DF5F462CA74DAA005FD987 /* Preview Content */ = {
			isa = PBXGroup;
			children = (
				A0DF5F472CA74DAA005FD987 /* Preview Assets.xcassets */,
			);
			path = "Preview Content";
			sourceTree = "<group>";
		};
		A0DF5F502CA74DAA005FD987 /* imagesTests */ = {
			isa = PBXGroup;
			children = (
				A0DF5F512CA74DAA005FD987 /* imagesTests.swift */,
			);
			path = imagesTests;
			sourceTree = "<group>";
		};
		A0DF5F5A2CA74DAA005FD987 /* imagesUITests */ = {
			isa = PBXGroup;
			children = (
				A0DF5F5B2CA74DAA005FD987 /* imagesUITests.swift */,
				A0DF5F5D2CA74DAA005FD987 /* imagesUITestsLaunchTests.swift */,
			);
			path = imagesUITests;
			sourceTree = "<group>";
		};
/* End PBXGroup section */

/* Begin PBXNativeTarget section */
		A0DF5F392CA74DA9005FD987 /* images */ = {
			isa = PBXNativeTarget;
			buildConfigurationList = A0DF5F612CA74DAA005FD987 /* Build configuration list for PBXNativeTarget "images" */;
			buildPhases = (
				A0DF5F362CA74DA9005FD987 /* Sources */,
				A0DF5F372CA74DA9005FD987 /* Frameworks */,
				A0DF5F382CA74DA9005FD987 /* Resources */,
			);
			buildRules = (
			);
			dependencies = (
			);
			name = images;
			productName = images;
			productReference = A0DF5F3A2CA74DA9005FD987 /* images.app */;
			productType = "com.apple.product-type.application";
		};
		A0DF5F4C2CA74DAA005FD987 /* imagesTests */ = {
			isa = PBXNativeTarget;
			buildConfigurationList = A0DF5F642CA74DAA005FD987 /* Build configuration list for PBXNativeTarget "imagesTests" */;
			buildPhases = (
				A0DF5F492CA74DAA005FD987 /* Sources */,
				A0DF5F4A2CA74DAA005FD987 /* Frameworks */,
				A0DF5F4B2CA74DAA005FD987 /* Resources */,
			);
			buildRules = (
			);
			dependencies = (
				A0DF5F4F2CA74DAA005FD987 /* PBXTargetDependency */,
			);
			name = imagesTests;
			productName = imagesTests;
			productReference = A0DF5F4D2CA74DAA005FD987 /* imagesTests.xctest */;
			productType = "com.apple.product-type.bundle.unit-test";
		};
		A0DF5F562CA74DAA005FD987 /* imagesUITests */ = {
			isa = PBXNativeTarget;
			buildConfigurationList = A0DF5F672CA74DAA005FD987 /* Build configuration list for PBXNativeTarget "imagesUITests" */;
			buildPhases = (
				A0DF5F532CA74DAA005FD987 /* Sources */,
				A0DF5F542CA74DAA005FD987 /* Frameworks */,
				A0DF5F552CA74DAA005FD987 /* Resources */,
			);
			buildRules = (
			);
			dependencies = (
				A0DF5F592CA74DAA005FD987 /* PBXTargetDependency */,
			);
			name = imagesUITests;
			productName = imagesUITests;
			productReference = A0DF5F572CA74DAA005FD987 /* imagesUITests.xctest */;
			productType = "com.apple.product-type.bundle.ui-testing";
		};
/* End PBXNativeTarget section */

/* Begin PBXProject section */
		A0DF5F322CA74DA9005FD987 /* Project object */ = {
			isa = PBXProject;
			attributes = {
				BuildIndependentTargetsInParallel = 1;
				LastSwiftUpdateCheck = 1540;
				LastUpgradeCheck = 1540;
				TargetAttributes = {
					A0DF5F392CA74DA9005FD987 = {
						CreatedOnToolsVersion = 15.4;
					};
					A0DF5F4C2CA74DAA005FD987 = {
						CreatedOnToolsVersion = 15.4;
						TestTargetID = A0DF5F392CA74DA9005FD987;
					};
					A0DF5F562CA74DAA005FD987 = {
						CreatedOnToolsVersion = 15.4;
						TestTargetID = A0DF5F392CA74DA9005FD987;
					};
				};
			};
			buildConfigurationList = A0DF5F352CA74DA9005FD987 /* Build configuration list for PBXProject "images" */;
			compatibilityVersion = "Xcode 14.0";
			developmentRegion = en;
			hasScannedForEncodings = 0;
			knownRegions = (
				en,
				Base,
			);
			mainGroup = A0DF5F312CA74DA9005FD987;
			productRefGroup = A0DF5F3B2CA74DA9005FD987 /* Products */;
			projectDirPath = "";
			projectRoot = "";
			targets = (
				A0DF5F392CA74DA9005FD987 /* images */,
				A0DF5F4C2CA74DAA005FD987 /* imagesTests */,
				A0DF5F562CA74DAA005FD987 /* imagesUITests */,
			);
		};
/* End PBXProject section */

/* Begin PBXResourcesBuildPhase section */
		A0DF5F382CA74DA9005FD987 /* Resources */ = {
			isa = PBXResourcesBuildPhase;
			buildActionMask = 2147483647;
			files = (
				A0DF5F482CA74DAA005FD987 /* Preview Assets.xcassets in Resources */,
				A0DF5F442CA74DAA005FD987 /* Assets.xcassets in Resources */,
			);
			runOnlyForDeploymentPostprocessing = 0;
		};
		A0DF5F4B2CA74DAA005FD987 /* Resources */ = {
			isa = PBXResourcesBuildPhase;
			buildActionMask = 2147483647;
			files = (
			);
			runOnlyForDeploymentPostprocessing = 0;
		};
		A0DF5F552CA74DAA005FD987 /* Resources */ = {
			isa = PBXResourcesBuildPhase;
			buildActionMask = 2147483647;
			files = (
			);
			runOnlyForDeploymentPostprocessing = 0;
		};
/* End PBXResourcesBuildPhase section */

/* Begin PBXSourcesBuildPhase section */
		A0DF5F362CA74DA9005FD987 /* Sources */ = {
			isa = PBXSourcesBuildPhase;
			buildActionMask = 2147483647;
			files = (
				A0DF5F402CA74DA9005FD987 /* ContentView.swift in Sources */,
				A0DF5F422CA74DA9005FD987 /* Item.swift in Sources */,
				A0DF5F3E2CA74DA9005FD987 /* imagesApp.swift in Sources */,
			);
			runOnlyForDeploymentPostprocessing = 0;
		};
		A0DF5F492CA74DAA005FD987 /* Sources */ = {
			isa = PBXSourcesBuildPhase;
			buildActionMask = 2147483647;
			files = (
				A0DF5F522CA74DAA005FD987 /* imagesTests.swift in Sources */,
			);
			runOnlyForDeploymentPostprocessing = 0;
		};
		A0DF5F532CA74DAA005FD987 /* Sources */ = {
			isa = PBXSourcesBuildPhase;
			buildActionMask = 2147483647;
			files = (
				A0DF5F5E2CA74DAA005FD987 /* imagesUITestsLaunchTests.swift in Sources */,
				A0DF5F5C2CA74DAA005FD987 /* imagesUITests.swift in Sources */,
			);
			runOnlyForDeploymentPostprocessing = 0;
		};
/* End PBXSourcesBuildPhase section */

/* Begin PBXTargetDependency section */
		A0DF5F4F2CA74DAA005FD987 /* PBXTargetDependency */ = {
			isa = PBXTargetDependency;
			target = A0DF5F392CA74DA9005FD987 /* images */;
			targetProxy = A0DF5F4E2CA74DAA005FD987 /* PBXContainerItemProxy */;
		};
		A0DF5F592CA74DAA005FD987 /* PBXTargetDependency */ = {
			isa = PBXTargetDependency;
			target = A0DF5F392CA74DA9005FD987 /* images */;
			targetProxy = A0DF5F582CA74DAA005FD987 /* PBXContainerItemProxy */;
		};
/* End PBXTargetDependency section */

/* Begin XCBuildConfiguration section */
		A0DF5F5F2CA74DAA005FD987 /* Debug */ = {
			isa = XCBuildConfiguration;
			buildSettings = {
				ALWAYS_SEARCH_USER_PATHS = NO;
				ASSETCATALOG_COMPILER_GENERATE_SWIFT_ASSET_SYMBOL_EXTENSIONS = YES;
				CLANG_ANALYZER_NONNULL = YES;
				CLANG_ANALYZER_NUMBER_OBJECT_CONVERSION = YES_AGGRESSIVE;
				CLANG_CXX_LANGUAGE_STANDARD = "gnu++20";
				CLANG_ENABLE_MODULES = YES;
				CLANG_ENABLE_OBJC_ARC = YES;
				CLANG_ENABLE_OBJC_WEAK = YES;
				CLANG_WARN_BLOCK_CAPTURE_AUTORELEASING = YES;
				CLANG_WARN_BOOL_CONVERSION = YES;
				CLANG_WARN_COMMA = YES;
				CLANG_WARN_CONSTANT_CONVERSION = YES;
				CLANG_WARN_DEPRECATED_OBJC_IMPLEMENTATIONS = YES;
				CLANG_WARN_DIRECT_OBJC_ISA_USAGE = YES_ERROR;
				CLANG_WARN_DOCUMENTATION_COMMENTS = YES;
				CLANG_WARN_EMPTY_BODY = YES;
				CLANG_WARN_ENUM_CONVERSION = YES;
				CLANG_WARN_INFINITE_RECURSION = YES;
				CLANG_WARN_INT_CONVERSION = YES;
				CLANG_WARN_NON_LITERAL_NULL_CONVERSION = YES;
				CLANG_WARN_OBJC_IMPLICIT_RETAIN_SELF = YES;
				CLANG_WARN_OBJC_LITERAL_CONVERSION = YES;
				CLANG_WARN_OBJC_ROOT_CLASS = YES_ERROR;
				CLANG_WARN_QUOTED_INCLUDE_IN_FRAMEWORK_HEADER = YES;
				CLANG_WARN_RANGE_LOOP_ANALYSIS = YES;
				CLANG_WARN_STRICT_PROTOTYPES = YES;
				CLANG_WARN_SUSPICIOUS_MOVE = YES;
				CLANG_WARN_UNGUARDED_AVAILABILITY = YES_AGGRESSIVE;
				CLANG_WARN_UNREACHABLE_CODE = YES;
				CLANG_WARN__DUPLICATE_METHOD_MATCH = YES;
				COPY_PHASE_STRIP = NO;
				DEBUG_INFORMATION_FORMAT = dwarf;
				ENABLE_STRICT_OBJC_MSGSEND = YES;
				ENABLE_TESTABILITY = YES;
				ENABLE_USER_SCRIPT_SANDBOXING = YES;
				GCC_C_LANGUAGE_STANDARD = gnu17;
				GCC_DYNAMIC_NO_PIC = NO;
				GCC_NO_COMMON_BLOCKS = YES;
				GCC_OPTIMIZATION_LEVEL = 0;
				GCC_PREPROCESSOR_DEFINITIONS = (
					"DEBUG=1",
					"$(inherited)",
				);
				GCC_WARN_64_TO_32_BIT_CONVERSION = YES;
				GCC_WARN_ABOUT_RETURN_TYPE = YES_ERROR;
				GCC_WARN_UNDECLARED_SELECTOR = YES;
				GCC_WARN_UNINITIALIZED_AUTOS = YES_AGGRESSIVE;
				GCC_WARN_UNUSED_FUNCTION = YES;
				GCC_WARN_UNUSED_VARIABLE = YES;
				LOCALIZATION_PREFERS_STRING_CATALOGS = YES;
				MTL_ENABLE_DEBUG_INFO = INCLUDE_SOURCE;
				MTL_FAST_MATH = YES;
				ONLY_ACTIVE_ARCH = YES;
				SWIFT_ACTIVE_COMPILATION_CONDITIONS = "DEBUG $(inherited)";
				SWIFT_OPTIMIZATION_LEVEL = "-Onone";
			};
			name = Debug;
		};
		A0DF5F602CA74DAA005FD987 /* Release */ = {
			isa = XCBuildConfiguration;
			buildSettings = {
				ALWAYS_SEARCH_USER_PATHS = NO;
				ASSETCATALOG_COMPILER_GENERATE_SWIFT_ASSET_SYMBOL_EXTENSIONS = YES;
				CLANG_ANALYZER_NONNULL = YES;
				CLANG_ANALYZER_NUMBER_OBJECT_CONVERSION = YES_AGGRESSIVE;
				CLANG_CXX_LANGUAGE_STANDARD = "gnu++20";
				CLANG_ENABLE_MODULES = YES;
				CLANG_ENABLE_OBJC_ARC = YES;
				CLANG_ENABLE_OBJC_WEAK = YES;
				CLANG_WARN_BLOCK_CAPTURE_AUTORELEASING = YES;
				CLANG_WARN_BOOL_CONVERSION = YES;
				CLANG_WARN_COMMA = YES;
				CLANG_WARN_CONSTANT_CONVERSION = YES;
				CLANG_WARN_DEPRECATED_OBJC_IMPLEMENTATIONS = YES;
				CLANG_WARN_DIRECT_OBJC_ISA_USAGE = YES_ERROR;
				CLANG_WARN_DOCUMENTATION_COMMENTS = YES;
				CLANG_WARN_EMPTY_BODY = YES;
				CLANG_WARN_ENUM_CONVERSION = YES;
				CLANG_WARN_INFINITE_RECURSION = YES;
				CLANG_WARN_INT_CONVERSION = YES;
				CLANG_WARN_NON_LITERAL_NULL_CONVERSION = YES;
				CLANG_WARN_OBJC_IMPLICIT_RETAIN_SELF = YES;
				CLANG_WARN_OBJC_LITERAL_CONVERSION = YES;
				CLANG_WARN_OBJC_ROOT_CLASS = YES_ERROR;
				CLANG_WARN_QUOTED_INCLUDE_IN_FRAMEWORK_HEADER = YES;
				CLANG_WARN_RANGE_LOOP_ANALYSIS = YES;
				CLANG_WARN_STRICT_PROTOTYPES = YES;
				CLANG_WARN_SUSPICIOUS_MOVE = YES;
				CLANG_WARN_UNGUARDED_AVAILABILITY = YES_AGGRESSIVE;
				CLANG_WARN_UNREACHABLE_CODE = YES;
				CLANG_WARN__DUPLICATE_METHOD_MATCH = YES;
				COPY_PHASE_STRIP = NO;
				DEBUG_INFORMATION_FORMAT = "dwarf-with-dsym";
				ENABLE_NS_ASSERTIONS = NO;
				ENABLE_STRICT_OBJC_MSGSEND = YES;
				ENABLE_USER_SCRIPT_SANDBOXING = YES;
				GCC_C_LANGUAGE_STANDARD = gnu17;
				GCC_NO_COMMON_BLOCKS = YES;
				GCC_WARN_64_TO_32_BIT_CONVERSION = YES;
				GCC_WARN_ABOUT_RETURN_TYPE = YES_ERROR;
				GCC_WARN_UNDECLARED_SELECTOR = YES;
				GCC_WARN_UNINITIALIZED_AUTOS = YES_AGGRESSIVE;
				GCC_WARN_UNUSED_FUNCTION = YES;
				GCC_WARN_UNUSED_VARIABLE = YES;
				LOCALIZATION_PREFERS_STRING_CATALOGS = YES;
				MTL_ENABLE_DEBUG_INFO = NO;
				MTL_FAST_MATH = YES;
				SWIFT_COMPILATION_MODE = wholemodule;
			};
			name = Release;
		};
		A0DF5F622CA74DAA005FD987 /* Debug */ = {
			isa = XCBuildConfiguration;
			buildSettings = {
				ASSETCATALOG_COMPILER_APPICON_NAME = AppIcon;
				ASSETCATALOG_COMPILER_GLOBAL_ACCENT_COLOR_NAME = AccentColor;
				CODE_SIGN_ENTITLEMENTS = images/images.entitlements;
				CODE_SIGN_STYLE = Automatic;
				CURRENT_PROJECT_VERSION = 1;
				DEVELOPMENT_ASSET_PATHS = "\"images/Preview Content\"";
				DEVELOPMENT_TEAM = PALJTU2G2B;
				ENABLE_HARDENED_RUNTIME = YES;
				ENABLE_PREVIEWS = YES;
				GENERATE_INFOPLIST_FILE = YES;
				"INFOPLIST_KEY_UIApplicationSceneManifest_Generation[sdk=iphoneos*]" = YES;
				"INFOPLIST_KEY_UIApplicationSceneManifest_Generation[sdk=iphonesimulator*]" = YES;
				"INFOPLIST_KEY_UIApplicationSupportsIndirectInputEvents[sdk=iphoneos*]" = YES;
				"INFOPLIST_KEY_UIApplicationSupportsIndirectInputEvents[sdk=iphonesimulator*]" = YES;
				"INFOPLIST_KEY_UILaunchScreen_Generation[sdk=iphoneos*]" = YES;
				"INFOPLIST_KEY_UILaunchScreen_Generation[sdk=iphonesimulator*]" = YES;
				"INFOPLIST_KEY_UIStatusBarStyle[sdk=iphoneos*]" = UIStatusBarStyleDefault;
				"INFOPLIST_KEY_UIStatusBarStyle[sdk=iphonesimulator*]" = UIStatusBarStyleDefault;
				INFOPLIST_KEY_UISupportedInterfaceOrientations_iPad = "UIInterfaceOrientationPortrait UIInterfaceOrientationPortraitUpsideDown UIInterfaceOrientationLandscapeLeft UIInterfaceOrientationLandscapeRight";
				INFOPLIST_KEY_UISupportedInterfaceOrientations_iPhone = "UIInterfaceOrientationPortrait UIInterfaceOrientationLandscapeLeft UIInterfaceOrientationLandscapeRight";
				IPHONEOS_DEPLOYMENT_TARGET = 17.5;
				LD_RUNPATH_SEARCH_PATHS = "@executable_path/Frameworks";
				"LD_RUNPATH_SEARCH_PATHS[sdk=macosx*]" = "@executable_path/../Frameworks";
				MACOSX_DEPLOYMENT_TARGET = 14.0;
				MARKETING_VERSION = 1.0;
				PRODUCT_BUNDLE_IDENTIFIER = rosiles.images;
				PRODUCT_NAME = "$(TARGET_NAME)";
				SDKROOT = auto;
				SUPPORTED_PLATFORMS = "iphoneos iphonesimulator macosx";
				SWIFT_EMIT_LOC_STRINGS = YES;
				SWIFT_VERSION = 5.0;
				TARGETED_DEVICE_FAMILY = "1,2";
			};
			name = Debug;
		};
		A0DF5F632CA74DAA005FD987 /* Release */ = {
			isa = XCBuildConfiguration;
			buildSettings = {
				ASSETCATALOG_COMPILER_APPICON_NAME = AppIcon;
				ASSETCATALOG_COMPILER_GLOBAL_ACCENT_COLOR_NAME = AccentColor;
				CODE_SIGN_ENTITLEMENTS = images/images.entitlements;
				CODE_SIGN_STYLE = Automatic;
				CURRENT_PROJECT_VERSION = 1;
				DEVELOPMENT_ASSET_PATHS = "\"images/Preview Content\"";
				DEVELOPMENT_TEAM = PALJTU2G2B;
				ENABLE_HARDENED_RUNTIME = YES;
				ENABLE_PREVIEWS = YES;
				GENERATE_INFOPLIST_FILE = YES;
				"INFOPLIST_KEY_UIApplicationSceneManifest_Generation[sdk=iphoneos*]" = YES;
				"INFOPLIST_KEY_UIApplicationSceneManifest_Generation[sdk=iphonesimulator*]" = YES;
				"INFOPLIST_KEY_UIApplicationSupportsIndirectInputEvents[sdk=iphoneos*]" = YES;
				"INFOPLIST_KEY_UIApplicationSupportsIndirectInputEvents[sdk=iphonesimulator*]" = YES;
				"INFOPLIST_KEY_UILaunchScreen_Generation[sdk=iphoneos*]" = YES;
				"INFOPLIST_KEY_UILaunchScreen_Generation[sdk=iphonesimulator*]" = YES;
				"INFOPLIST_KEY_UIStatusBarStyle[sdk=iphoneos*]" = UIStatusBarStyleDefault;
				"INFOPLIST_KEY_UIStatusBarStyle[sdk=iphonesimulator*]" = UIStatusBarStyleDefault;
				INFOPLIST_KEY_UISupportedInterfaceOrientations_iPad = "UIInterfaceOrientationPortrait UIInterfaceOrientationPortraitUpsideDown UIInterfaceOrientationLandscapeLeft UIInterfaceOrientationLandscapeRight";
				INFOPLIST_KEY_UISupportedInterfaceOrientations_iPhone = "UIInterfaceOrientationPortrait UIInterfaceOrientationLandscapeLeft UIInterfaceOrientationLandscapeRight";
				IPHONEOS_DEPLOYMENT_TARGET = 17.5;
				LD_RUNPATH_SEARCH_PATHS = "@executable_path/Frameworks";
				"LD_RUNPATH_SEARCH_PATHS[sdk=macosx*]" = "@executable_path/../Frameworks";
				MACOSX_DEPLOYMENT_TARGET = 14.0;
				MARKETING_VERSION = 1.0;
				PRODUCT_BUNDLE_IDENTIFIER = rosiles.images;
				PRODUCT_NAME = "$(TARGET_NAME)";
				SDKROOT = auto;
				SUPPORTED_PLATFORMS = "iphoneos iphonesimulator macosx";
				SWIFT_EMIT_LOC_STRINGS = YES;
				SWIFT_VERSION = 5.0;
				TARGETED_DEVICE_FAMILY = "1,2";
			};
			name = Release;
		};
		A0DF5F652CA74DAA005FD987 /* Debug */ = {
			isa = XCBuildConfiguration;
			buildSettings = {
				ALWAYS_EMBED_SWIFT_STANDARD_LIBRARIES = YES;
				BUNDLE_LOADER = "$(TEST_HOST)";
				CODE_SIGN_STYLE = Automatic;
				CURRENT_PROJECT_VERSION = 1;
				DEVELOPMENT_TEAM = PALJTU2G2B;
				GENERATE_INFOPLIST_FILE = YES;
				IPHONEOS_DEPLOYMENT_TARGET = 17.5;
				MACOSX_DEPLOYMENT_TARGET = 14.5;
				MARKETING_VERSION = 1.0;
				PRODUCT_BUNDLE_IDENTIFIER = rosiles.imagesTests;
				PRODUCT_NAME = "$(TARGET_NAME)";
				SDKROOT = auto;
				SUPPORTED_PLATFORMS = "iphoneos iphonesimulator macosx";
				SWIFT_EMIT_LOC_STRINGS = NO;
				SWIFT_VERSION = 5.0;
				TARGETED_DEVICE_FAMILY = "1,2";
				TEST_HOST = "$(BUILT_PRODUCTS_DIR)/images.app/$(BUNDLE_EXECUTABLE_FOLDER_PATH)/images";
			};
			name = Debug;
		};
		A0DF5F662CA74DAA005FD987 /* Release */ = {
			isa = XCBuildConfiguration;
			buildSettings = {
				ALWAYS_EMBED_SWIFT_STANDARD_LIBRARIES = YES;
				BUNDLE_LOADER = "$(TEST_HOST)";
				CODE_SIGN_STYLE = Automatic;
				CURRENT_PROJECT_VERSION = 1;
				DEVELOPMENT_TEAM = PALJTU2G2B;
				GENERATE_INFOPLIST_FILE = YES;
				IPHONEOS_DEPLOYMENT_TARGET = 17.5;
				MACOSX_DEPLOYMENT_TARGET = 14.5;
				MARKETING_VERSION = 1.0;
				PRODUCT_BUNDLE_IDENTIFIER = rosiles.imagesTests;
				PRODUCT_NAME = "$(TARGET_NAME)";
				SDKROOT = auto;
				SUPPORTED_PLATFORMS = "iphoneos iphonesimulator macosx";
				SWIFT_EMIT_LOC_STRINGS = NO;
				SWIFT_VERSION = 5.0;
				TARGETED_DEVICE_FAMILY = "1,2";
				TEST_HOST = "$(BUILT_PRODUCTS_DIR)/images.app/$(BUNDLE_EXECUTABLE_FOLDER_PATH)/images";
			};
			name = Release;
		};
		A0DF5F682CA74DAA005FD987 /* Debug */ = {
			isa = XCBuildConfiguration;
			buildSettings = {
				ALWAYS_EMBED_SWIFT_STANDARD_LIBRARIES = YES;
				CODE_SIGN_STYLE = Automatic;
				CURRENT_PROJECT_VERSION = 1;
				DEVELOPMENT_TEAM = PALJTU2G2B;
				GENERATE_INFOPLIST_FILE = YES;
				IPHONEOS_DEPLOYMENT_TARGET = 17.5;
				MACOSX_DEPLOYMENT_TARGET = 14.5;
				MARKETING_VERSION = 1.0;
				PRODUCT_BUNDLE_IDENTIFIER = rosiles.imagesUITests;
				PRODUCT_NAME = "$(TARGET_NAME)";
				SDKROOT = auto;
				SUPPORTED_PLATFORMS = "iphoneos iphonesimulator macosx";
				SWIFT_EMIT_LOC_STRINGS = NO;
				SWIFT_VERSION = 5.0;
				TARGETED_DEVICE_FAMILY = "1,2";
				TEST_TARGET_NAME = images;
			};
			name = Debug;
		};
		A0DF5F692CA74DAA005FD987 /* Release */ = {
			isa = XCBuildConfiguration;
			buildSettings = {
				ALWAYS_EMBED_SWIFT_STANDARD_LIBRARIES = YES;
				CODE_SIGN_STYLE = Automatic;
				CURRENT_PROJECT_VERSION = 1;
				DEVELOPMENT_TEAM = PALJTU2G2B;
				GENERATE_INFOPLIST_FILE = YES;
				IPHONEOS_DEPLOYMENT_TARGET = 17.5;
				MACOSX_DEPLOYMENT_TARGET = 14.5;
				MARKETING_VERSION = 1.0;
				PRODUCT_BUNDLE_IDENTIFIER = rosiles.imagesUITests;
				PRODUCT_NAME = "$(TARGET_NAME)";
				SDKROOT = auto;
				SUPPORTED_PLATFORMS = "iphoneos iphonesimulator macosx";
				SWIFT_EMIT_LOC_STRINGS = NO;
				SWIFT_VERSION = 5.0;
				TARGETED_DEVICE_FAMILY = "1,2";
				TEST_TARGET_NAME = images;
			};
			name = Release;
		};
/* End XCBuildConfiguration section */

/* Begin XCConfigurationList section */
		A0DF5F352CA74DA9005FD987 /* Build configuration list for PBXProject "images" */ = {
			isa = XCConfigurationList;
			buildConfigurations = (
				A0DF5F5F2CA74DAA005FD987 /* Debug */,
				A0DF5F602CA74DAA005FD987 /* Release */,
			);
			defaultConfigurationIsVisible = 0;
			defaultConfigurationName = Release;
		};
		A0DF5F612CA74DAA005FD987 /* Build configuration list for PBXNativeTarget "images" */ = {
			isa = XCConfigurationList;
			buildConfigurations = (
				A0DF5F622CA74DAA005FD987 /* Debug */,
				A0DF5F632CA74DAA005FD987 /* Release */,
			);
			defaultConfigurationIsVisible = 0;
			defaultConfigurationName = Release;
		};
		A0DF5F642CA74DAA005FD987 /* Build configuration list for PBXNativeTarget "imagesTests" */ = {
			isa = XCConfigurationList;
			buildConfigurations = (
				A0DF5F652CA74DAA005FD987 /* Debug */,
				A0DF5F662CA74DAA005FD987 /* Release */,
			);
			defaultConfigurationIsVisible = 0;
			defaultConfigurationName = Release;
		};
		A0DF5F672CA74DAA005FD987 /* Build configuration list for PBXNativeTarget "imagesUITests" */ = {
			isa = XCConfigurationList;
			buildConfigurations = (
				A0DF5F682CA74DAA005FD987 /* Debug */,
				A0DF5F692CA74DAA005FD987 /* Release */,
			);
			defaultConfigurationIsVisible = 0;
			defaultConfigurationName = Release;
		};
/* End XCConfigurationList section */
	};
	rootObject = A0DF5F322CA74DA9005FD987 /* Project object */;
}
